
Microsoft Visual Studio Solution File, Format Version 12.00
# Visual Studio Version 16
VisualStudioVersion = 16.0.29318.209
MinimumVisualStudioVersion = 10.0.40219.1
Project("{FAE04EC0-301F-11D3-BF4B-00C04F79EFBC}") = "CreditCardFraudDetection", "CreditCardFraudDetection\CreditCardFraudDetection.csproj", "{8BE86D0A-163B-4AC4-A8B3-1DAD1DF599FD}"
EndProject
Project("{9A19103F-16F7-4668-BE54-9A1E7A4F7556}") = "CreditCardFraudDetectionML.Model", "CreditCardFraudDetectionML.Model\CreditCardFraudDetectionML.Model.csproj", "{538D921D-443E-4D63-B1D4-72F9B507CF6E}"
EndProject
Project("{9A19103F-16F7-4668-BE54-9A1E7A4F7556}") = "CreditCardFraudDetectionML.ConsoleApp", "CreditCardFraudDetectionML.ConsoleApp\CreditCardFraudDetectionML.ConsoleApp.csproj", "{01662052-522F-4D48-BF3B-7323D6A811F5}"
EndProject
Global
	GlobalSection(SolutionConfigurationPlatforms) = preSolution
		Debug|Any CPU = Debug|Any CPU
		Release|Any CPU = Release|Any CPU
	EndGlobalSection
	GlobalSection(ProjectConfigurationPlatforms) = postSolution
		{8BE86D0A-163B-4AC4-A8B3-1DAD1DF599FD}.Debug|Any CPU.ActiveCfg = Debug|Any CPU
		{8BE86D0A-163B-4AC4-A8B3-1DAD1DF599FD}.Debug|Any CPU.Build.0 = Debug|Any CPU
		{8BE86D0A-163B-4AC4-A8B3-1DAD1DF599FD}.Release|Any CPU.ActiveCfg = Release|Any CPU
		{8BE86D0A-163B-4AC4-A8B3-1DAD1DF599FD}.Release|Any CPU.Build.0 = Release|Any CPU
		{538D921D-443E-4D63-B1D4-72F9B507CF6E}.Debug|Any CPU.ActiveCfg = Debug|Any CPU
		{538D921D-443E-4D63-B1D4-72F9B507CF6E}.Debug|Any CPU.Build.0 = Debug|Any CPU
		{538D921D-443E-4D63-B1D4-72F9B507CF6E}.Release|Any CPU.ActiveCfg = Release|Any CPU
		{538D921D-443E-4D63-B1D4-72F9B507CF6E}.Release|Any CPU.Build.0 = Release|Any CPU
		{01662052-522F-4D48-BF3B-7323D6A811F5}.Debug|Any CPU.ActiveCfg = Debug|Any CPU
		{01662052-522F-4D48-BF3B-7323D6A811F5}.Debug|Any CPU.Build.0 = Debug|Any CPU
		{01662052-522F-4D48-BF3B-7323D6A811F5}.Release|Any CPU.ActiveCfg = Release|Any CPU
		{01662052-522F-4D48-BF3B-7323D6A811F5}.Release|Any CPU.Build.0 = Release|Any CPU
	EndGlobalSection
	GlobalSection(SolutionProperties) = preSolution
		HideSolutionNode = FALSE
	EndGlobalSection
	GlobalSection(ExtensibilityGlobals) = postSolution
		SolutionGuid = {BA4F56FF-92CE-461A-B391-8135E5B9307C}
	EndGlobalSection
EndGlobal
